
Microsoft Visual Studio Solution File, Format Version 12.00
# Visual Studio Version 16
VisualStudioVersion = 16.0.29424.173
MinimumVisualStudioVersion = 10.0.40219.1
Project("{FAE04EC0-301F-11D3-BF4B-00C04F79EFBC}") = "UygulamaDeneme", "UygulamaDeneme\UygulamaDeneme.csproj", "{467E816C-12DB-44BA-870B-16063936D8DB}"
EndProject
Global
	GlobalSection(SolutionConfigurationPlatforms) = preSolution
		Debug|Any CPU = Debug|Any CPU
		Release|Any CPU = Release|Any CPU
	EndGlobalSection
	GlobalSection(ProjectConfigurationPlatforms) = postSolution
		{467E816C-12DB-44BA-870B-16063936D8DB}.Debug|Any CPU.ActiveCfg = Debug|Any CPU
		{467E816C-12DB-44BA-870B-16063936D8DB}.Debug|Any CPU.Build.0 = Debug|Any CPU
		{467E816C-12DB-44BA-870B-16063936D8DB}.Release|Any CPU.ActiveCfg = Release|Any CPU
		{467E816C-12DB-44BA-870B-16063936D8DB}.Release|Any CPU.Build.0 = Release|Any CPU
	EndGlobalSection
	GlobalSection(SolutionProperties) = preSolution
		HideSolutionNode = FALSE
	EndGlobalSection
	GlobalSection(ExtensibilityGlobals) = postSolution
		SolutionGuid = {8D41417A-EF79-4E28-AC67-0B28785A80AC}
	EndGlobalSection
EndGlobal
